
Microsoft Visual Studio Solution File, Format Version 12.00
# Visual Studio Version 17
VisualStudioVersion = 17.13.35931.197 d17.13
MinimumVisualStudioVersion = 10.0.40219.1
Project("{FAE04EC0-301F-11D3-BF4B-00C04F79EFBC}") = "ClientOrderTrackingSystem", "ClientOrderTrackingSystem\ClientOrderTrackingSystem.csproj", "{59D6CB6C-8778-418D-A876-DC9F8E96EC19}"
EndProject
Global
	GlobalSection(SolutionConfigurationPlatforms) = preSolution
		Debug|Any CPU = Debug|Any CPU
		Release|Any CPU = Release|Any CPU
	EndGlobalSection
	GlobalSection(ProjectConfigurationPlatforms) = postSolution
		{59D6CB6C-8778-418D-A876-DC9F8E96EC19}.Debug|Any CPU.ActiveCfg = Debug|Any CPU
		{59D6CB6C-8778-418D-A876-DC9F8E96EC19}.Debug|Any CPU.Build.0 = Debug|Any CPU
		{59D6CB6C-8778-418D-A876-DC9F8E96EC19}.Release|Any CPU.ActiveCfg = Release|Any CPU
		{59D6CB6C-8778-418D-A876-DC9F8E96EC19}.Release|Any CPU.Build.0 = Release|Any CPU
	EndGlobalSection
	GlobalSection(SolutionProperties) = preSolution
		HideSolutionNode = FALSE
	EndGlobalSection
	GlobalSection(ExtensibilityGlobals) = postSolution
		SolutionGuid = {814A03BD-CC2D-4A9B-A293-7375BA5AE17C}
	EndGlobalSection
EndGlobal
